
Microsoft Visual Studio Solution File, Format Version 12.00
# Visual Studio Version 17
VisualStudioVersion = 17.14.36414.22 d17.14
MinimumVisualStudioVersion = 10.0.40219.1
Project("{FAE04EC0-301F-11D3-BF4B-00C04F79EFBC}") = "PasStore", "PasStore\PasStore.csproj", "{B1CBD66A-6570-4C1E-993B-08A6358C1884}"
EndProject
Global
	GlobalSection(SolutionConfigurationPlatforms) = preSolution
		Debug|Any CPU = Debug|Any CPU
		Release|Any CPU = Release|Any CPU
	EndGlobalSection
	GlobalSection(ProjectConfigurationPlatforms) = postSolution
		{B1CBD66A-6570-4C1E-993B-08A6358C1884}.Debug|Any CPU.ActiveCfg = Debug|Any CPU
		{B1CBD66A-6570-4C1E-993B-08A6358C1884}.Debug|Any CPU.Build.0 = Debug|Any CPU
		{B1CBD66A-6570-4C1E-993B-08A6358C1884}.Release|Any CPU.ActiveCfg = Release|Any CPU
		{B1CBD66A-6570-4C1E-993B-08A6358C1884}.Release|Any CPU.Build.0 = Release|Any CPU
	EndGlobalSection
	GlobalSection(SolutionProperties) = preSolution
		HideSolutionNode = FALSE
	EndGlobalSection
	GlobalSection(ExtensibilityGlobals) = postSolution
		SolutionGuid = {B53D021C-2A61-4021-83CA-FDA6A7BD9FA0}
	EndGlobalSection
EndGlobal
